{
  "nodes": {
    "fingerprint-sensor": {
      "inputs": {
        "nixpkgs": "nixpkgs"
      },
      "locked": {
        "lastModified": 1702831324,
        "narHash": "sha256-bpDHKBDBcuMO14FFdBCEfsW26hzu2lby6xtfoU0jKW4=",
        "owner": "ahbnr",
        "repo": "nixos-06cb-009a-fingerprint-sensor",
        "rev": "58a01fe62f5a71778bffaeb9929a118b4be0d222",
        "type": "github"
      },
      "original": {
        "owner": "ahbnr",
        "repo": "nixos-06cb-009a-fingerprint-sensor",
        "type": "github"
      }
    },
    "flake-utils": {
      "locked": {
        "lastModified": 1659877975,
        "narHash": "sha256-zllb8aq3YO3h8B/U0/J1WBgAL8EX5yWf5pMj3G0NAmc=",
        "owner": "numtide",
        "repo": "flake-utils",
        "rev": "c0e246b9b83f637f4681389ecabcb2681b4f3af0",
        "type": "github"
      },
      "original": {
        "owner": "numtide",
        "repo": "flake-utils",
        "type": "github"
      }
    },
    "home-manager": {
      "inputs": {
        "nixpkgs": "nixpkgs_2"
      },
      "locked": {
        "lastModified": 1719438532,
        "narHash": "sha256-/Vmso2ZMoFE3M7d1MRsQ2K5sR8CVKnrM6t1ys9Xjpz4=",
        "owner": "nix-community",
        "repo": "home-manager",
        "rev": "1a4f12ae0bda877ec4099b429cf439aad897d7e9",
        "type": "github"
      },
      "original": {
        "owner": "nix-community",
        "ref": "master",
        "repo": "home-manager",
        "type": "github"
      }
    },
    "nixgl": {
      "inputs": {
        "flake-utils": "flake-utils",
        "nixpkgs": "nixpkgs_3"
      },
      "locked": {
        "lastModified": 1713543440,
        "narHash": "sha256-lnzZQYG0+EXl/6NkGpyIz+FEOc/DSEG57AP1VsdeNrM=",
        "owner": "nix-community",
        "repo": "NixGL",
        "rev": "310f8e49a149e4c9ea52f1adf70cdc768ec53f8a",
        "type": "github"
      },
      "original": {
        "owner": "nix-community",
        "repo": "NixGL",
        "type": "github"
      }
    },
    "nixos-hardware": {
      "locked": {
        "lastModified": 1719487696,
        "narHash": "sha256-pCsl9qFCuIuhIfGH03CiBOsy1LNwITC6VMb6/5tz+Qc=",
        "owner": "NixOS",
        "repo": "nixos-hardware",
        "rev": "14aadcba1a26c8c142453839f888afd0db8b2041",
        "type": "github"
      },
      "original": {
        "owner": "NixOS",
        "ref": "master",
        "repo": "nixos-hardware",
        "type": "github"
      }
    },
    "nixpkgs": {
      "locked": {
        "lastModified": 1702645756,
        "narHash": "sha256-qKI6OR3TYJYQB3Q8mAZ+DG4o/BR9ptcv9UnRV2hzljc=",
        "owner": "NixOS",
        "repo": "nixpkgs",
        "rev": "40c3c94c241286dd2243ea34d3aef8a488f9e4d0",
        "type": "github"
      },
      "original": {
        "id": "nixpkgs",
        "ref": "nixos-23.11",
        "type": "indirect"
      }
    },
    "nixpkgs-23_11": {
      "locked": {
        "lastModified": 1719234068,
        "narHash": "sha256-1AjSIedDC/aERt24KsCUftLpVppW61S7awfjGe7bMio=",
        "owner": "NixOS",
        "repo": "nixpkgs",
        "rev": "90bd1b26e23760742fdcb6152369919098f05417",
        "type": "github"
      },
      "original": {
        "owner": "NixOS",
        "ref": "nixos-23.11",
        "repo": "nixpkgs",
        "type": "github"
      }
    },
    "nixpkgs-24_05": {
      "locked": {
        "lastModified": 1719426051,
        "narHash": "sha256-yJL9VYQhaRM7xs0M867ZFxwaONB9T2Q4LnGo1WovuR4=",
        "owner": "NixOS",
        "repo": "nixpkgs",
        "rev": "89c49874fb15f4124bf71ca5f42a04f2ee5825fd",
        "type": "github"
      },
      "original": {
        "owner": "NixOS",
        "ref": "nixos-24.05",
        "repo": "nixpkgs",
        "type": "github"
      }
    },
    "nixpkgs-master": {
      "locked": {
        "lastModified": 1719492850,
        "narHash": "sha256-koLuAz11nFcQ8DADmt15XEqEV8c1WcJ2S0JpSRTUxKo=",
        "owner": "NixOS",
        "repo": "nixpkgs",
        "rev": "69bee9866a4e2708b3153fdb61c1425e7857d6b8",
        "type": "github"
      },
      "original": {
        "owner": "NixOS",
        "ref": "master",
        "repo": "nixpkgs",
        "type": "github"
      }
    },
    "nixpkgs_2": {
      "locked": {
        "lastModified": 1718895438,
        "narHash": "sha256-k3JqJrkdoYwE3fHE6xGDY676AYmyh4U2Zw+0Bwe5DLU=",
        "owner": "NixOS",
        "repo": "nixpkgs",
        "rev": "d603719ec6e294f034936c0d0dc06f689d91b6c3",
        "type": "github"
      },
      "original": {
        "owner": "NixOS",
        "ref": "nixos-unstable",
        "repo": "nixpkgs",
        "type": "github"
      }
    },
    "nixpkgs_3": {
      "locked": {
        "lastModified": 1660551188,
        "narHash": "sha256-a1LARMMYQ8DPx1BgoI/UN4bXe12hhZkCNqdxNi6uS0g=",
        "owner": "nixos",
        "repo": "nixpkgs",
        "rev": "441dc5d512153039f19ef198e662e4f3dbb9fd65",
        "type": "github"
      },
      "original": {
        "owner": "nixos",
        "repo": "nixpkgs",
        "type": "github"
      }
    },
    "nixpkgs_4": {
      "locked": {
        "lastModified": 1719254875,
        "narHash": "sha256-ECni+IkwXjusHsm9Sexdtq8weAq/yUyt1TWIemXt3Ko=",
        "owner": "NixOS",
        "repo": "nixpkgs",
        "rev": "2893f56de08021cffd9b6b6dfc70fd9ccd51eb60",
        "type": "github"
      },
      "original": {
        "owner": "NixOS",
        "ref": "nixos-unstable",
        "repo": "nixpkgs",
        "type": "github"
      }
    },
    "root": {
      "inputs": {
        "fingerprint-sensor": "fingerprint-sensor",
        "home-manager": "home-manager",
        "nixgl": "nixgl",
        "nixos-hardware": "nixos-hardware",
        "nixpkgs": "nixpkgs_4",
        "nixpkgs-23_11": "nixpkgs-23_11",
        "nixpkgs-24_05": "nixpkgs-24_05",
        "nixpkgs-master": "nixpkgs-master"
      }
    }
  },
  "root": "root",
  "version": 7
}
